
Microsoft Visual Studio Solution File, Format Version 12.00
# Visual Studio Version 16
VisualStudioVersion = 16.0.31702.278
MinimumVisualStudioVersion = 10.0.40219.1
Project("{9A19103F-16F7-4668-BE54-9A1E7A4F7556}") = "MineWorker", "MineWorker.csproj", "{4EA1FDA7-EFE1-45DD-AD91-71BFA0A2C8F3}"
EndProject
Project("{9A19103F-16F7-4668-BE54-9A1E7A4F7556}") = "MineTools", "..\..\MineTools\MineTools.csproj", "{A8541C0A-6801-494A-A124-F5C56A412CD0}"
EndProject
Global
	GlobalSection(SolutionConfigurationPlatforms) = preSolution
		Debug|Any CPU = Debug|Any CPU
		Release|Any CPU = Release|Any CPU
	EndGlobalSection
	GlobalSection(ProjectConfigurationPlatforms) = postSolution
		{4EA1FDA7-EFE1-45DD-AD91-71BFA0A2C8F3}.Debug|Any CPU.ActiveCfg = Debug|Any CPU
		{4EA1FDA7-EFE1-45DD-AD91-71BFA0A2C8F3}.Debug|Any CPU.Build.0 = Debug|Any CPU
		{4EA1FDA7-EFE1-45DD-AD91-71BFA0A2C8F3}.Release|Any CPU.ActiveCfg = Release|Any CPU
		{4EA1FDA7-EFE1-45DD-AD91-71BFA0A2C8F3}.Release|Any CPU.Build.0 = Release|Any CPU
		{A8541C0A-6801-494A-A124-F5C56A412CD0}.Debug|Any CPU.ActiveCfg = Debug|Any CPU
		{A8541C0A-6801-494A-A124-F5C56A412CD0}.Debug|Any CPU.Build.0 = Debug|Any CPU
		{A8541C0A-6801-494A-A124-F5C56A412CD0}.Release|Any CPU.ActiveCfg = Release|Any CPU
		{A8541C0A-6801-494A-A124-F5C56A412CD0}.Release|Any CPU.Build.0 = Release|Any CPU
	EndGlobalSection
	GlobalSection(SolutionProperties) = preSolution
		HideSolutionNode = FALSE
	EndGlobalSection
	GlobalSection(ExtensibilityGlobals) = postSolution
		SolutionGuid = {11DA170F-05F8-4656-B732-BA84867A7F4C}
	EndGlobalSection
EndGlobal
