
Microsoft Visual Studio Solution File, Format Version 12.00
# Visual Studio Version 17
VisualStudioVersion = 17.1.32421.90
MinimumVisualStudioVersion = 10.0.40219.1
Project("{FAE04EC0-301F-11D3-BF4B-00C04F79EFBC}") = "TrayMonitor", "TrayMonitor\TrayMonitor.csproj", "{21A60496-C0C4-4AF4-A4BD-64C93176AB70}"
EndProject
Global
	GlobalSection(SolutionConfigurationPlatforms) = preSolution
		Debug|Any CPU = Debug|Any CPU
		Release|Any CPU = Release|Any CPU
	EndGlobalSection
	GlobalSection(ProjectConfigurationPlatforms) = postSolution
		{21A60496-C0C4-4AF4-A4BD-64C93176AB70}.Debug|Any CPU.ActiveCfg = Debug|Any CPU
		{21A60496-C0C4-4AF4-A4BD-64C93176AB70}.Debug|Any CPU.Build.0 = Debug|Any CPU
		{21A60496-C0C4-4AF4-A4BD-64C93176AB70}.Release|Any CPU.ActiveCfg = Release|Any CPU
		{21A60496-C0C4-4AF4-A4BD-64C93176AB70}.Release|Any CPU.Build.0 = Release|Any CPU
	EndGlobalSection
	GlobalSection(SolutionProperties) = preSolution
		HideSolutionNode = FALSE
	EndGlobalSection
	GlobalSection(ExtensibilityGlobals) = postSolution
		SolutionGuid = {CB98C949-304D-455A-86BC-CE01931DA71E}
	EndGlobalSection
EndGlobal
